// !$*UTF8*$!
{
	archiveVersion = 1;
	classes = {
	};
	objectVersion = 56;
	objects = {

/* Begin PBXBuildFile section */
		221616222CB012640048B86C /* QuizViewController.swift in Sources */ = {isa = PBXBuildFile; fileRef = 221616212CB012640048B86C /* QuizViewController.swift */; };
		224033972CAD6FDD00A17525 /* AppDelegate.swift in Sources */ = {isa = PBXBuildFile; fileRef = 224033962CAD6FDD00A17525 /* AppDelegate.swift */; };
		224033992CAD6FDD00A17525 /* SceneDelegate.swift in Sources */ = {isa = PBXBuildFile; fileRef = 224033982CAD6FDD00A17525 /* SceneDelegate.swift */; };
		2240339B2CAD6FDD00A17525 /* ViewController.swift in Sources */ = {isa = PBXBuildFile; fileRef = 2240339A2CAD6FDD00A17525 /* ViewController.swift */; };
		2240339E2CAD6FDD00A17525 /* Base in Resources */ = {isa = PBXBuildFile; fileRef = 2240339D2CAD6FDD00A17525 /* Base */; };
		224033A12CAD6FDD00A17525 /* ClassmateAppSchmidt.xcdatamodeld in Sources */ = {isa = PBXBuildFile; fileRef = 2240339F2CAD6FDD00A17525 /* ClassmateAppSchmidt.xcdatamodeld */; };
		224033A32CAD6FDF00A17525 /* Assets.xcassets in Resources */ = {isa = PBXBuildFile; fileRef = 224033A22CAD6FDF00A17525 /* Assets.xcassets */; };
		224033A62CAD6FDF00A17525 /* Base in Resources */ = {isa = PBXBuildFile; fileRef = 224033A52CAD6FDF00A17525 /* Base */; };
		224033AE2CAD702B00A17525 /* Classmate.swift in Sources */ = {isa = PBXBuildFile; fileRef = 224033AD2CAD702B00A17525 /* Classmate.swift */; };
		22C87C992CADF134002EB036 /* HomeViewController.swift in Sources */ = {isa = PBXBuildFile; fileRef = 22C87C982CADF134002EB036 /* HomeViewController.swift */; };
		22C87C9B2CADF187002EB036 /* SortedViewController.swift in Sources */ = {isa = PBXBuildFile; fileRef = 22C87C9A2CADF187002EB036 /* SortedViewController.swift */; };
		22C87C9D2CAE1C92002EB036 /* AppData.swift in Sources */ = {isa = PBXBuildFile; fileRef = 22C87C9C2CAE1C92002EB036 /* AppData.swift */; };
		22C87C9F2CAE2BB0002EB036 /* AddViewController.swift in Sources */ = {isa = PBXBuildFile; fileRef = 22C87C9E2CAE2BB0002EB036 /* AddViewController.swift */; };
		22C87CA12CAE2BBE002EB036 /* EditViewController.swift in Sources */ = {isa = PBXBuildFile; fileRef = 22C87CA02CAE2BBE002EB036 /* EditViewController.swift */; };
/* End PBXBuildFile section */

/* Begin PBXFileReference section */
		221616212CB012640048B86C /* QuizViewController.swift */ = {isa = PBXFileReference; lastKnownFileType = sourcecode.swift; path = QuizViewController.swift; sourceTree = "<group>"; };
		224033932CAD6FDD00A17525 /* ClassmateAppSchmidt.app */ = {isa = PBXFileReference; explicitFileType = wrapper.application; includeInIndex = 0; path = ClassmateAppSchmidt.app; sourceTree = BUILT_PRODUCTS_DIR; };
		224033962CAD6FDD00A17525 /* AppDelegate.swift */ = {isa = PBXFileReference; lastKnownFileType = sourcecode.swift; path = AppDelegate.swift; sourceTree = "<group>"; };
		224033982CAD6FDD00A17525 /* SceneDelegate.swift */ = {isa = PBXFileReference; lastKnownFileType = sourcecode.swift; path = SceneDelegate.swift; sourceTree = "<group>"; };
		2240339A2CAD6FDD00A17525 /* ViewController.swift */ = {isa = PBXFileReference; lastKnownFileType = sourcecode.swift; path = ViewController.swift; sourceTree = "<group>"; };
		2240339D2CAD6FDD00A17525 /* Base */ = {isa = PBXFileReference; lastKnownFileType = file.storyboard; name = Base; path = Base.lproj/Main.storyboard; sourceTree = "<group>"; };
		224033A02CAD6FDD00A17525 /* ClassmateAppSchmidt.xcdatamodel */ = {isa = PBXFileReference; lastKnownFileType = wrapper.xcdatamodel; path = ClassmateAppSchmidt.xcdatamodel; sourceTree = "<group>"; };
		224033A22CAD6FDF00A17525 /* Assets.xcassets */ = {isa = PBXFileReference; lastKnownFileType = folder.assetcatalog; path = Assets.xcassets; sourceTree = "<group>"; };
		224033A52CAD6FDF00A17525 /* Base */ = {isa = PBXFileReference; lastKnownFileType = file.storyboard; name = Base; path = Base.lproj/LaunchScreen.storyboard; sourceTree = "<group>"; };
		224033A72CAD6FDF00A17525 /* Info.plist */ = {isa = PBXFileReference; lastKnownFileType = text.plist.xml; path = Info.plist; sourceTree = "<group>"; };
		224033AD2CAD702B00A17525 /* Classmate.swift */ = {isa = PBXFileReference; lastKnownFileType = sourcecode.swift; path = Classmate.swift; sourceTree = "<group>"; };
		22C87C982CADF134002EB036 /* HomeViewController.swift */ = {isa = PBXFileReference; lastKnownFileType = sourcecode.swift; path = HomeViewController.swift; sourceTree = "<group>"; };
		22C87C9A2CADF187002EB036 /* SortedViewController.swift */ = {isa = PBXFileReference; lastKnownFileType = sourcecode.swift; path = SortedViewController.swift; sourceTree = "<group>"; };
		22C87C9C2CAE1C92002EB036 /* AppData.swift */ = {isa = PBXFileReference; lastKnownFileType = sourcecode.swift; path = AppData.swift; sourceTree = "<group>"; };
		22C87C9E2CAE2BB0002EB036 /* AddViewController.swift */ = {isa = PBXFileReference; lastKnownFileType = sourcecode.swift; path = AddViewController.swift; sourceTree = "<group>"; };
		22C87CA02CAE2BBE002EB036 /* EditViewController.swift */ = {isa = PBXFileReference; lastKnownFileType = sourcecode.swift; path = EditViewController.swift; sourceTree = "<group>"; };
/* End PBXFileReference section */

/* Begin PBXFrameworksBuildPhase section */
		224033902CAD6FDD00A17525 /* Frameworks */ = {
			isa = PBXFrameworksBuildPhase;
			buildActionMask = 2147483647;
			files = (
			);
			runOnlyForDeploymentPostprocessing = 0;
		};
/* End PBXFrameworksBuildPhase section */

/* Begin PBXGroup section */
		2240338A2CAD6FDD00A17525 = {
			isa = PBXGroup;
			children = (
				224033952CAD6FDD00A17525 /* ClassmateAppSchmidt */,
				224033942CAD6FDD00A17525 /* Products */,
			);
			sourceTree = "<group>";
		};
		224033942CAD6FDD00A17525 /* Products */ = {
			isa = PBXGroup;
			children = (
				224033932CAD6FDD00A17525 /* ClassmateAppSchmidt.app */,
			);
			name = Products;
			sourceTree = "<group>";
		};
		224033952CAD6FDD00A17525 /* ClassmateAppSchmidt */ = {
			isa = PBXGroup;
			children = (
				224033962CAD6FDD00A17525 /* AppDelegate.swift */,
				224033982CAD6FDD00A17525 /* SceneDelegate.swift */,
				22C87C9C2CAE1C92002EB036 /* AppData.swift */,
				224033AD2CAD702B00A17525 /* Classmate.swift */,
				2240339C2CAD6FDD00A17525 /* Main.storyboard */,
				221616212CB012640048B86C /* QuizViewController.swift */,
				2240339A2CAD6FDD00A17525 /* ViewController.swift */,
				22C87C9E2CAE2BB0002EB036 /* AddViewController.swift */,
				22C87CA02CAE2BBE002EB036 /* EditViewController.swift */,
				22C87C9A2CADF187002EB036 /* SortedViewController.swift */,
				22C87C982CADF134002EB036 /* HomeViewController.swift */,
				224033A22CAD6FDF00A17525 /* Assets.xcassets */,
				224033A42CAD6FDF00A17525 /* LaunchScreen.storyboard */,
				224033A72CAD6FDF00A17525 /* Info.plist */,
				2240339F2CAD6FDD00A17525 /* ClassmateAppSchmidt.xcdatamodeld */,
			);
			path = ClassmateAppSchmidt;
			sourceTree = "<group>";
		};
/* End PBXGroup section */

/* Begin PBXNativeTarget section */
		224033922CAD6FDD00A17525 /* ClassmateAppSchmidt */ = {
			isa = PBXNativeTarget;
			buildConfigurationList = 224033AA2CAD6FDF00A17525 /* Build configuration list for PBXNativeTarget "ClassmateAppSchmidt" */;
			buildPhases = (
				2240338F2CAD6FDD00A17525 /* Sources */,
				224033902CAD6FDD00A17525 /* Frameworks */,
				224033912CAD6FDD00A17525 /* Resources */,
			);
			buildRules = (
			);
			dependencies = (
			);
			name = ClassmateAppSchmidt;
			productName = ClassmateAppSchmidt;
			productReference = 224033932CAD6FDD00A17525 /* ClassmateAppSchmidt.app */;
			productType = "com.apple.product-type.application";
		};
/* End PBXNativeTarget section */

/* Begin PBXProject section */
		2240338B2CAD6FDD00A17525 /* Project object */ = {
			isa = PBXProject;
			attributes = {
				BuildIndependentTargetsInParallel = 1;
				LastSwiftUpdateCheck = 1540;
				LastUpgradeCheck = 1540;
				TargetAttributes = {
					224033922CAD6FDD00A17525 = {
						CreatedOnToolsVersion = 15.4;
					};
				};
			};
			buildConfigurationList = 2240338E2CAD6FDD00A17525 /* Build configuration list for PBXProject "ClassmateAppSchmidt" */;
			compatibilityVersion = "Xcode 14.0";
			developmentRegion = en;
			hasScannedForEncodings = 0;
			knownRegions = (
				en,
				Base,
			);
			mainGroup = 2240338A2CAD6FDD00A17525;
			productRefGroup = 224033942CAD6FDD00A17525 /* Products */;
			projectDirPath = "";
			projectRoot = "";
			targets = (
				224033922CAD6FDD00A17525 /* ClassmateAppSchmidt */,
			);
		};
/* End PBXProject section */

/* Begin PBXResourcesBuildPhase section */
		224033912CAD6FDD00A17525 /* Resources */ = {
			isa = PBXResourcesBuildPhase;
			buildActionMask = 2147483647;
			files = (
				224033A32CAD6FDF00A17525 /* Assets.xcassets in Resources */,
				224033A62CAD6FDF00A17525 /* Base in Resources */,
				2240339E2CAD6FDD00A17525 /* Base in Resources */,
			);
			runOnlyForDeploymentPostprocessing = 0;
		};
/* End PBXResourcesBuildPhase section */

/* Begin PBXSourcesBuildPhase section */
		2240338F2CAD6FDD00A17525 /* Sources */ = {
			isa = PBXSourcesBuildPhase;
			buildActionMask = 2147483647;
			files = (
				22C87CA12CAE2BBE002EB036 /* EditViewController.swift in Sources */,
				224033A12CAD6FDD00A17525 /* ClassmateAppSchmidt.xcdatamodeld in Sources */,
				224033AE2CAD702B00A17525 /* Classmate.swift in Sources */,
				22C87C9F2CAE2BB0002EB036 /* AddViewController.swift in Sources */,
				2240339B2CAD6FDD00A17525 /* ViewController.swift in Sources */,
				22C87C9D2CAE1C92002EB036 /* AppData.swift in Sources */,
				224033972CAD6FDD00A17525 /* AppDelegate.swift in Sources */,
				221616222CB012640048B86C /* QuizViewController.swift in Sources */,
				224033992CAD6FDD00A17525 /* SceneDelegate.swift in Sources */,
				22C87C9B2CADF187002EB036 /* SortedViewController.swift in Sources */,
				22C87C992CADF134002EB036 /* HomeViewController.swift in Sources */,
			);
			runOnlyForDeploymentPostprocessing = 0;
		};
/* End PBXSourcesBuildPhase section */

/* Begin PBXVariantGroup section */
		2240339C2CAD6FDD00A17525 /* Main.storyboard */ = {
			isa = PBXVariantGroup;
			children = (
				2240339D2CAD6FDD00A17525 /* Base */,
			);
			name = Main.storyboard;
			sourceTree = "<group>";
		};
		224033A42CAD6FDF00A17525 /* LaunchScreen.storyboard */ = {
			isa = PBXVariantGroup;
			children = (
				224033A52CAD6FDF00A17525 /* Base */,
			);
			name = LaunchScreen.storyboard;
			sourceTree = "<group>";
		};
/* End PBXVariantGroup section */

/* Begin XCBuildConfiguration section */
		224033A82CAD6FDF00A17525 /* Debug */ = {
			isa = XCBuildConfiguration;
			buildSettings = {
				ALWAYS_SEARCH_USER_PATHS = NO;
				ASSETCATALOG_COMPILER_GENERATE_SWIFT_ASSET_SYMBOL_EXTENSIONS = YES;
				CLANG_ANALYZER_NONNULL = YES;
				CLANG_ANALYZER_NUMBER_OBJECT_CONVERSION = YES_AGGRESSIVE;
				CLANG_CXX_LANGUAGE_STANDARD = "gnu++20";
				CLANG_ENABLE_MODULES = YES;
				CLANG_ENABLE_OBJC_ARC = YES;
				CLANG_ENABLE_OBJC_WEAK = YES;
				CLANG_WARN_BLOCK_CAPTURE_AUTORELEASING = YES;
				CLANG_WARN_BOOL_CONVERSION = YES;
				CLANG_WARN_COMMA = YES;
				CLANG_WARN_CONSTANT_CONVERSION = YES;
				CLANG_WARN_DEPRECATED_OBJC_IMPLEMENTATIONS = YES;
				CLANG_WARN_DIRECT_OBJC_ISA_USAGE = YES_ERROR;
				CLANG_WARN_DOCUMENTATION_COMMENTS = YES;
				CLANG_WARN_EMPTY_BODY = YES;
				CLANG_WARN_ENUM_CONVERSION = YES;
				CLANG_WARN_INFINITE_RECURSION = YES;
				CLANG_WARN_INT_CONVERSION = YES;
				CLANG_WARN_NON_LITERAL_NULL_CONVERSION = YES;
				CLANG_WARN_OBJC_IMPLICIT_RETAIN_SELF = YES;
				CLANG_WARN_OBJC_LITERAL_CONVERSION = YES;
				CLANG_WARN_OBJC_ROOT_CLASS = YES_ERROR;
				CLANG_WARN_QUOTED_INCLUDE_IN_FRAMEWORK_HEADER = YES;
				CLANG_WARN_RANGE_LOOP_ANALYSIS = YES;
				CLANG_WARN_STRICT_PROTOTYPES = YES;
				CLANG_WARN_SUSPICIOUS_MOVE = YES;
				CLANG_WARN_UNGUARDED_AVAILABILITY = YES_AGGRESSIVE;
				CLANG_WARN_UNREACHABLE_CODE = YES;
				CLANG_WARN__DUPLICATE_METHOD_MATCH = YES;
				COPY_PHASE_STRIP = NO;
				DEBUG_INFORMATION_FORMAT = dwarf;
				ENABLE_STRICT_OBJC_MSGSEND = YES;
				ENABLE_TESTABILITY = YES;
				ENABLE_USER_SCRIPT_SANDBOXING = YES;
				GCC_C_LANGUAGE_STANDARD = gnu17;
				GCC_DYNAMIC_NO_PIC = NO;
				GCC_NO_COMMON_BLOCKS = YES;
				GCC_OPTIMIZATION_LEVEL = 0;
				GCC_PREPROCESSOR_DEFINITIONS = (
					"DEBUG=1",
					"$(inherited)",
				);
				GCC_WARN_64_TO_32_BIT_CONVERSION = YES;
				GCC_WARN_ABOUT_RETURN_TYPE = YES_ERROR;
				GCC_WARN_UNDECLARED_SELECTOR = YES;
				GCC_WARN_UNINITIALIZED_AUTOS = YES_AGGRESSIVE;
				GCC_WARN_UNUSED_FUNCTION = YES;
				GCC_WARN_UNUSED_VARIABLE = YES;
				IPHONEOS_DEPLOYMENT_TARGET = 17.5;
				LOCALIZATION_PREFERS_STRING_CATALOGS = YES;
				MTL_ENABLE_DEBUG_INFO = INCLUDE_SOURCE;
				MTL_FAST_MATH = YES;
				ONLY_ACTIVE_ARCH = YES;
				SDKROOT = iphoneos;
				SWIFT_ACTIVE_COMPILATION_CONDITIONS = "DEBUG $(inherited)";
				SWIFT_OPTIMIZATION_LEVEL = "-Onone";
			};
			name = Debug;
		};
		224033A92CAD6FDF00A17525 /* Release */ = {
			isa = XCBuildConfiguration;
			buildSettings = {
				ALWAYS_SEARCH_USER_PATHS = NO;
				ASSETCATALOG_COMPILER_GENERATE_SWIFT_ASSET_SYMBOL_EXTENSIONS = YES;
				CLANG_ANALYZER_NONNULL = YES;
				CLANG_ANALYZER_NUMBER_OBJECT_CONVERSION = YES_AGGRESSIVE;
				CLANG_CXX_LANGUAGE_STANDARD = "gnu++20";
				CLANG_ENABLE_MODULES = YES;
				CLANG_ENABLE_OBJC_ARC = YES;
				CLANG_ENABLE_OBJC_WEAK = YES;
				CLANG_WARN_BLOCK_CAPTURE_AUTORELEASING = YES;
				CLANG_WARN_BOOL_CONVERSION = YES;
				CLANG_WARN_COMMA = YES;
				CLANG_WARN_CONSTANT_CONVERSION = YES;
				CLANG_WARN_DEPRECATED_OBJC_IMPLEMENTATIONS = YES;
				CLANG_WARN_DIRECT_OBJC_ISA_USAGE = YES_ERROR;
				CLANG_WARN_DOCUMENTATION_COMMENTS = YES;
				CLANG_WARN_EMPTY_BODY = YES;
				CLANG_WARN_ENUM_CONVERSION = YES;
				CLANG_WARN_INFINITE_RECURSION = YES;
				CLANG_WARN_INT_CONVERSION = YES;
				CLANG_WARN_NON_LITERAL_NULL_CONVERSION = YES;
				CLANG_WARN_OBJC_IMPLICIT_RETAIN_SELF = YES;
				CLANG_WARN_OBJC_LITERAL_CONVERSION = YES;
				CLANG_WARN_OBJC_ROOT_CLASS = YES_ERROR;
				CLANG_WARN_QUOTED_INCLUDE_IN_FRAMEWORK_HEADER = YES;
				CLANG_WARN_RANGE_LOOP_ANALYSIS = YES;
				CLANG_WARN_STRICT_PROTOTYPES = YES;
				CLANG_WARN_SUSPICIOUS_MOVE = YES;
				CLANG_WARN_UNGUARDED_AVAILABILITY = YES_AGGRESSIVE;
				CLANG_WARN_UNREACHABLE_CODE = YES;
				CLANG_WARN__DUPLICATE_METHOD_MATCH = YES;
				COPY_PHASE_STRIP = NO;
				DEBUG_INFORMATION_FORMAT = "dwarf-with-dsym";
				ENABLE_NS_ASSERTIONS = NO;
				ENABLE_STRICT_OBJC_MSGSEND = YES;
				ENABLE_USER_SCRIPT_SANDBOXING = YES;
				GCC_C_LANGUAGE_STANDARD = gnu17;
				GCC_NO_COMMON_BLOCKS = YES;
				GCC_WARN_64_TO_32_BIT_CONVERSION = YES;
				GCC_WARN_ABOUT_RETURN_TYPE = YES_ERROR;
				GCC_WARN_UNDECLARED_SELECTOR = YES;
				GCC_WARN_UNINITIALIZED_AUTOS = YES_AGGRESSIVE;
				GCC_WARN_UNUSED_FUNCTION = YES;
				GCC_WARN_UNUSED_VARIABLE = YES;
				IPHONEOS_DEPLOYMENT_TARGET = 17.5;
				LOCALIZATION_PREFERS_STRING_CATALOGS = YES;
				MTL_ENABLE_DEBUG_INFO = NO;
				MTL_FAST_MATH = YES;
				SDKROOT = iphoneos;
				SWIFT_COMPILATION_MODE = wholemodule;
				VALIDATE_PRODUCT = YES;
			};
			name = Release;
		};
		224033AB2CAD6FDF00A17525 /* Debug */ = {
			isa = XCBuildConfiguration;
			buildSettings = {
				ASSETCATALOG_COMPILER_APPICON_NAME = AppIcon;
				ASSETCATALOG_COMPILER_GLOBAL_ACCENT_COLOR_NAME = AccentColor;
				CODE_SIGN_STYLE = Automatic;
				CURRENT_PROJECT_VERSION = 1;
				DEVELOPMENT_TEAM = 9U7FVWW6CS;
				GENERATE_INFOPLIST_FILE = YES;
				INFOPLIST_FILE = ClassmateAppSchmidt/Info.plist;
				INFOPLIST_KEY_UIApplicationSupportsIndirectInputEvents = YES;
				INFOPLIST_KEY_UILaunchStoryboardName = LaunchScreen;
				INFOPLIST_KEY_UIMainStoryboardFile = Main;
				INFOPLIST_KEY_UISupportedInterfaceOrientations_iPad = "UIInterfaceOrientationPortrait UIInterfaceOrientationPortraitUpsideDown UIInterfaceOrientationLandscapeLeft UIInterfaceOrientationLandscapeRight";
				INFOPLIST_KEY_UISupportedInterfaceOrientations_iPhone = "UIInterfaceOrientationPortrait UIInterfaceOrientationLandscapeLeft UIInterfaceOrientationLandscapeRight";
				LD_RUNPATH_SEARCH_PATHS = (
					"$(inherited)",
					"@executable_path/Frameworks",
				);
				MARKETING_VERSION = 1.0;
				PRODUCT_BUNDLE_IDENTIFIER = clc.ClassmateAppSchmidt;
				PRODUCT_NAME = "$(TARGET_NAME)";
				SWIFT_EMIT_LOC_STRINGS = YES;
				SWIFT_VERSION = 5.0;
				TARGETED_DEVICE_FAMILY = "1,2";
			};
			name = Debug;
		};
		224033AC2CAD6FDF00A17525 /* Release */ = {
			isa = XCBuildConfiguration;
			buildSettings = {
				ASSETCATALOG_COMPILER_APPICON_NAME = AppIcon;
				ASSETCATALOG_COMPILER_GLOBAL_ACCENT_COLOR_NAME = AccentColor;
				CODE_SIGN_STYLE = Automatic;
				CURRENT_PROJECT_VERSION = 1;
				DEVELOPMENT_TEAM = 9U7FVWW6CS;
				GENERATE_INFOPLIST_FILE = YES;
				INFOPLIST_FILE = ClassmateAppSchmidt/Info.plist;
				INFOPLIST_KEY_UIApplicationSupportsIndirectInputEvents = YES;
				INFOPLIST_KEY_UILaunchStoryboardName = LaunchScreen;
				INFOPLIST_KEY_UIMainStoryboardFile = Main;
				INFOPLIST_KEY_UISupportedInterfaceOrientations_iPad = "UIInterfaceOrientationPortrait UIInterfaceOrientationPortraitUpsideDown UIInterfaceOrientationLandscapeLeft UIInterfaceOrientationLandscapeRight";
				INFOPLIST_KEY_UISupportedInterfaceOrientations_iPhone = "UIInterfaceOrientationPortrait UIInterfaceOrientationLandscapeLeft UIInterfaceOrientationLandscapeRight";
				LD_RUNPATH_SEARCH_PATHS = (
					"$(inherited)",
					"@executable_path/Frameworks",
				);
				MARKETING_VERSION = 1.0;
				PRODUCT_BUNDLE_IDENTIFIER = clc.ClassmateAppSchmidt;
				PRODUCT_NAME = "$(TARGET_NAME)";
				SWIFT_EMIT_LOC_STRINGS = YES;
				SWIFT_VERSION = 5.0;
				TARGETED_DEVICE_FAMILY = "1,2";
			};
			name = Release;
		};
/* End XCBuildConfiguration section */

/* Begin XCConfigurationList section */
		2240338E2CAD6FDD00A17525 /* Build configuration list for PBXProject "ClassmateAppSchmidt" */ = {
			isa = XCConfigurationList;
			buildConfigurations = (
				224033A82CAD6FDF00A17525 /* Debug */,
				224033A92CAD6FDF00A17525 /* Release */,
			);
			defaultConfigurationIsVisible = 0;
			defaultConfigurationName = Release;
		};
		224033AA2CAD6FDF00A17525 /* Build configuration list for PBXNativeTarget "ClassmateAppSchmidt" */ = {
			isa = XCConfigurationList;
			buildConfigurations = (
				224033AB2CAD6FDF00A17525 /* Debug */,
				224033AC2CAD6FDF00A17525 /* Release */,
			);
			defaultConfigurationIsVisible = 0;
			defaultConfigurationName = Release;
		};
/* End XCConfigurationList section */

/* Begin XCVersionGroup section */
		2240339F2CAD6FDD00A17525 /* ClassmateAppSchmidt.xcdatamodeld */ = {
			isa = XCVersionGroup;
			children = (
				224033A02CAD6FDD00A17525 /* ClassmateAppSchmidt.xcdatamodel */,
			);
			currentVersion = 224033A02CAD6FDD00A17525 /* ClassmateAppSchmidt.xcdatamodel */;
			path = ClassmateAppSchmidt.xcdatamodeld;
			sourceTree = "<group>";
			versionGroupType = wrapper.xcdatamodel;
		};
/* End XCVersionGroup section */
	};
	rootObject = 2240338B2CAD6FDD00A17525 /* Project object */;
}
